{
  "requires": true,
  "lockfileVersion": 1,
  "dependencies": {
    "vue": {
      "version": "2.6.10",
      "resolved": "https://registry.npmjs.org/vue/-/vue-2.6.10.tgz",
      "integrity": "sha512-ImThpeNU9HbdZL3utgMCq0oiMzAkt1mcgy3/E6zWC/G6AaQoeuFdsl9nDhTDU3X1R6FK7nsIUuRACVcjI+A2GQ==",
      "dev": true
    },
    "vuejs-timepicker": {
      "version": "git+https://github.com/xxRockOnxx/vue2-timepicker.git#750bfcae7fc15e8bd35043b98d0d915b72e56fab",
      "from": "git+https://github.com/xxRockOnxx/vue2-timepicker.git",
      "dev": true,
      "requires": {
        "vue": "^2.0.1"
      }
    }
  }
}
